
Microsoft Visual Studio Solution File, Format Version 12.00
# Visual Studio Version 17
VisualStudioVersion = 17.10.34916.146
MinimumVisualStudioVersion = 10.0.40219.1
Project("{9A19103F-16F7-4668-BE54-9A1E7A4F7556}") = "CodeCoverageViewer", "CodeCoverageViewer\CodeCoverageViewer.csproj", "{981AC050-87F7-4BF2-9D2B-AC16C67F9834}"
EndProject
Project("{FAE04EC0-301F-11D3-BF4B-00C04F79EFBC}") = "TestApp", "TestApp\TestApp.csproj", "{7A70095A-680D-4CD2-A719-641F175E7442}"
EndProject
Global
	GlobalSection(SolutionConfigurationPlatforms) = preSolution
		Debug|Any CPU = Debug|Any CPU
		Release|Any CPU = Release|Any CPU
	EndGlobalSection
	GlobalSection(ProjectConfigurationPlatforms) = postSolution
		{981AC050-87F7-4BF2-9D2B-AC16C67F9834}.Debug|Any CPU.ActiveCfg = Debug|Any CPU
		{981AC050-87F7-4BF2-9D2B-AC16C67F9834}.Debug|Any CPU.Build.0 = Debug|Any CPU
		{981AC050-87F7-4BF2-9D2B-AC16C67F9834}.Release|Any CPU.ActiveCfg = Release|Any CPU
		{981AC050-87F7-4BF2-9D2B-AC16C67F9834}.Release|Any CPU.Build.0 = Release|Any CPU
		{7A70095A-680D-4CD2-A719-641F175E7442}.Debug|Any CPU.ActiveCfg = Debug|Any CPU
		{7A70095A-680D-4CD2-A719-641F175E7442}.Debug|Any CPU.Build.0 = Debug|Any CPU
		{7A70095A-680D-4CD2-A719-641F175E7442}.Release|Any CPU.ActiveCfg = Release|Any CPU
		{7A70095A-680D-4CD2-A719-641F175E7442}.Release|Any CPU.Build.0 = Release|Any CPU
	EndGlobalSection
	GlobalSection(SolutionProperties) = preSolution
		HideSolutionNode = FALSE
	EndGlobalSection
	GlobalSection(ExtensibilityGlobals) = postSolution
		SolutionGuid = {5659238F-2918-46FA-A618-2102A6F8C0B3}
	EndGlobalSection
EndGlobal
